
Microsoft Visual Studio Solution File, Format Version 12.00
# Visual Studio Version 17
VisualStudioVersion = 17.0.31903.59
MinimumVisualStudioVersion = 10.0.40219.1
Project("{2150E333-8FDC-42A3-9474-1A3956D46DE8}") = "src", "src", "{827E0CD3-B72D-47B6-A68D-7590B98EB39B}"
EndProject
Project("{FAE04EC0-301F-11D3-BF4B-00C04F79EFBC}") = "Perch.Core", "src\Perch.Core\Perch.Core.csproj", "{F589B7AD-E97B-4F35-B676-C420E33A61DC}"
EndProject
Project("{FAE04EC0-301F-11D3-BF4B-00C04F79EFBC}") = "Perch.Platform", "src\Perch.Platform\Perch.Platform.csproj", "{CA92082A-AC16-49A7-8F65-DBC8E9C6B750}"
EndProject
Project("{FAE04EC0-301F-11D3-BF4B-00C04F79EFBC}") = "Perch.App", "src\Perch.App\Perch.App.csproj", "{EFE9C7A3-24CB-4990-96BC-15CE3530BB64}"
EndProject
Project("{FAE04EC0-301F-11D3-BF4B-00C04F79EFBC}") = "Perch.Cli", "src\Perch.Cli\Perch.Cli.csproj", "{EDD6B989-3484-4275-8B75-6EF5BE03A966}"
EndProject
Project("{2150E333-8FDC-42A3-9474-1A3956D46DE8}") = "tests", "tests", "{0AB3BF05-4346-4AA6-1389-037BE0695223}"
EndProject
Project("{FAE04EC0-301F-11D3-BF4B-00C04F79EFBC}") = "Perch.Tests", "tests\Perch.Tests\Perch.Tests.csproj", "{A3769E0A-FD1D-48E4-8200-60152D96D162}"
EndProject
Project("{2150E333-8FDC-42A3-9474-1A3956D46DE8}") = "tools", "tools", "{07C2787E-EAC7-C090-1BA3-A61EC2A24D84}"
EndProject
Project("{FAE04EC0-301F-11D3-BF4B-00C04F79EFBC}") = "IconGen", "tools\IconGen\IconGen.csproj", "{BA85CEC9-BC9D-44AD-B358-5DFB5951E82F}"
EndProject
Global
	GlobalSection(SolutionConfigurationPlatforms) = preSolution
		Debug|Any CPU = Debug|Any CPU
		Debug|x64 = Debug|x64
		Debug|x86 = Debug|x86
		Release|Any CPU = Release|Any CPU
		Release|x64 = Release|x64
		Release|x86 = Release|x86
	EndGlobalSection
	GlobalSection(ProjectConfigurationPlatforms) = postSolution
		{F589B7AD-E97B-4F35-B676-C420E33A61DC}.Debug|Any CPU.ActiveCfg = Debug|Any CPU
		{F589B7AD-E97B-4F35-B676-C420E33A61DC}.Debug|Any CPU.Build.0 = Debug|Any CPU
		{F589B7AD-E97B-4F35-B676-C420E33A61DC}.Debug|x64.ActiveCfg = Debug|Any CPU
		{F589B7AD-E97B-4F35-B676-C420E33A61DC}.Debug|x64.Build.0 = Debug|Any CPU
		{F589B7AD-E97B-4F35-B676-C420E33A61DC}.Debug|x86.ActiveCfg = Debug|Any CPU
		{F589B7AD-E97B-4F35-B676-C420E33A61DC}.Debug|x86.Build.0 = Debug|Any CPU
		{F589B7AD-E97B-4F35-B676-C420E33A61DC}.Release|Any CPU.ActiveCfg = Release|Any CPU
		{F589B7AD-E97B-4F35-B676-C420E33A61DC}.Release|Any CPU.Build.0 = Release|Any CPU
		{F589B7AD-E97B-4F35-B676-C420E33A61DC}.Release|x64.ActiveCfg = Release|Any CPU
		{F589B7AD-E97B-4F35-B676-C420E33A61DC}.Release|x64.Build.0 = Release|Any CPU
		{F589B7AD-E97B-4F35-B676-C420E33A61DC}.Release|x86.ActiveCfg = Release|Any CPU
		{F589B7AD-E97B-4F35-B676-C420E33A61DC}.Release|x86.Build.0 = Release|Any CPU
		{CA92082A-AC16-49A7-8F65-DBC8E9C6B750}.Debug|Any CPU.ActiveCfg = Debug|Any CPU
		{CA92082A-AC16-49A7-8F65-DBC8E9C6B750}.Debug|Any CPU.Build.0 = Debug|Any CPU
		{CA92082A-AC16-49A7-8F65-DBC8E9C6B750}.Debug|x64.ActiveCfg = Debug|Any CPU
		{CA92082A-AC16-49A7-8F65-DBC8E9C6B750}.Debug|x64.Build.0 = Debug|Any CPU
		{CA92082A-AC16-49A7-8F65-DBC8E9C6B750}.Debug|x86.ActiveCfg = Debug|Any CPU
		{CA92082A-AC16-49A7-8F65-DBC8E9C6B750}.Debug|x86.Build.0 = Debug|Any CPU
		{CA92082A-AC16-49A7-8F65-DBC8E9C6B750}.Release|Any CPU.ActiveCfg = Release|Any CPU
		{CA92082A-AC16-49A7-8F65-DBC8E9C6B750}.Release|Any CPU.Build.0 = Release|Any CPU
		{CA92082A-AC16-49A7-8F65-DBC8E9C6B750}.Release|x64.ActiveCfg = Release|Any CPU
		{CA92082A-AC16-49A7-8F65-DBC8E9C6B750}.Release|x64.Build.0 = Release|Any CPU
		{CA92082A-AC16-49A7-8F65-DBC8E9C6B750}.Release|x86.ActiveCfg = Release|Any CPU
		{CA92082A-AC16-49A7-8F65-DBC8E9C6B750}.Release|x86.Build.0 = Release|Any CPU
		{EFE9C7A3-24CB-4990-96BC-15CE3530BB64}.Debug|Any CPU.ActiveCfg = Debug|Any CPU
		{EFE9C7A3-24CB-4990-96BC-15CE3530BB64}.Debug|Any CPU.Build.0 = Debug|Any CPU
		{EFE9C7A3-24CB-4990-96BC-15CE3530BB64}.Debug|x64.ActiveCfg = Debug|Any CPU
		{EFE9C7A3-24CB-4990-96BC-15CE3530BB64}.Debug|x64.Build.0 = Debug|Any CPU
		{EFE9C7A3-24CB-4990-96BC-15CE3530BB64}.Debug|x86.ActiveCfg = Debug|Any CPU
		{EFE9C7A3-24CB-4990-96BC-15CE3530BB64}.Debug|x86.Build.0 = Debug|Any CPU
		{EFE9C7A3-24CB-4990-96BC-15CE3530BB64}.Release|Any CPU.ActiveCfg = Release|Any CPU
		{EFE9C7A3-24CB-4990-96BC-15CE3530BB64}.Release|Any CPU.Build.0 = Release|Any CPU
		{EFE9C7A3-24CB-4990-96BC-15CE3530BB64}.Release|x64.ActiveCfg = Release|Any CPU
		{EFE9C7A3-24CB-4990-96BC-15CE3530BB64}.Release|x64.Build.0 = Release|Any CPU
		{EFE9C7A3-24CB-4990-96BC-15CE3530BB64}.Release|x86.ActiveCfg = Release|Any CPU
		{EFE9C7A3-24CB-4990-96BC-15CE3530BB64}.Release|x86.Build.0 = Release|Any CPU
		{EDD6B989-3484-4275-8B75-6EF5BE03A966}.Debug|Any CPU.ActiveCfg = Debug|Any CPU
		{EDD6B989-3484-4275-8B75-6EF5BE03A966}.Debug|Any CPU.Build.0 = Debug|Any CPU
		{EDD6B989-3484-4275-8B75-6EF5BE03A966}.Debug|x64.ActiveCfg = Debug|Any CPU
		{EDD6B989-3484-4275-8B75-6EF5BE03A966}.Debug|x64.Build.0 = Debug|Any CPU
		{EDD6B989-3484-4275-8B75-6EF5BE03A966}.Debug|x86.ActiveCfg = Debug|Any CPU
		{EDD6B989-3484-4275-8B75-6EF5BE03A966}.Debug|x86.Build.0 = Debug|Any CPU
		{EDD6B989-3484-4275-8B75-6EF5BE03A966}.Release|Any CPU.ActiveCfg = Release|Any CPU
		{EDD6B989-3484-4275-8B75-6EF5BE03A966}.Release|Any CPU.Build.0 = Release|Any CPU
		{EDD6B989-3484-4275-8B75-6EF5BE03A966}.Release|x64.ActiveCfg = Release|Any CPU
		{EDD6B989-3484-4275-8B75-6EF5BE03A966}.Release|x64.Build.0 = Release|Any CPU
		{EDD6B989-3484-4275-8B75-6EF5BE03A966}.Release|x86.ActiveCfg = Release|Any CPU
		{EDD6B989-3484-4275-8B75-6EF5BE03A966}.Release|x86.Build.0 = Release|Any CPU
		{A3769E0A-FD1D-48E4-8200-60152D96D162}.Debug|Any CPU.ActiveCfg = Debug|Any CPU
		{A3769E0A-FD1D-48E4-8200-60152D96D162}.Debug|Any CPU.Build.0 = Debug|Any CPU
		{A3769E0A-FD1D-48E4-8200-60152D96D162}.Debug|x64.ActiveCfg = Debug|Any CPU
		{A3769E0A-FD1D-48E4-8200-60152D96D162}.Debug|x64.Build.0 = Debug|Any CPU
		{A3769E0A-FD1D-48E4-8200-60152D96D162}.Debug|x86.ActiveCfg = Debug|Any CPU
		{A3769E0A-FD1D-48E4-8200-60152D96D162}.Debug|x86.Build.0 = Debug|Any CPU
		{A3769E0A-FD1D-48E4-8200-60152D96D162}.Release|Any CPU.ActiveCfg = Release|Any CPU
		{A3769E0A-FD1D-48E4-8200-60152D96D162}.Release|Any CPU.Build.0 = Release|Any CPU
		{A3769E0A-FD1D-48E4-8200-60152D96D162}.Release|x64.ActiveCfg = Release|Any CPU
		{A3769E0A-FD1D-48E4-8200-60152D96D162}.Release|x64.Build.0 = Release|Any CPU
		{A3769E0A-FD1D-48E4-8200-60152D96D162}.Release|x86.ActiveCfg = Release|Any CPU
		{A3769E0A-FD1D-48E4-8200-60152D96D162}.Release|x86.Build.0 = Release|Any CPU
		{BA85CEC9-BC9D-44AD-B358-5DFB5951E82F}.Debug|Any CPU.ActiveCfg = Debug|Any CPU
		{BA85CEC9-BC9D-44AD-B358-5DFB5951E82F}.Debug|Any CPU.Build.0 = Debug|Any CPU
		{BA85CEC9-BC9D-44AD-B358-5DFB5951E82F}.Debug|x64.ActiveCfg = Debug|Any CPU
		{BA85CEC9-BC9D-44AD-B358-5DFB5951E82F}.Debug|x64.Build.0 = Debug|Any CPU
		{BA85CEC9-BC9D-44AD-B358-5DFB5951E82F}.Debug|x86.ActiveCfg = Debug|Any CPU
		{BA85CEC9-BC9D-44AD-B358-5DFB5951E82F}.Debug|x86.Build.0 = Debug|Any CPU
		{BA85CEC9-BC9D-44AD-B358-5DFB5951E82F}.Release|Any CPU.ActiveCfg = Release|Any CPU
		{BA85CEC9-BC9D-44AD-B358-5DFB5951E82F}.Release|Any CPU.Build.0 = Release|Any CPU
		{BA85CEC9-BC9D-44AD-B358-5DFB5951E82F}.Release|x64.ActiveCfg = Release|Any CPU
		{BA85CEC9-BC9D-44AD-B358-5DFB5951E82F}.Release|x64.Build.0 = Release|Any CPU
		{BA85CEC9-BC9D-44AD-B358-5DFB5951E82F}.Release|x86.ActiveCfg = Release|Any CPU
		{BA85CEC9-BC9D-44AD-B358-5DFB5951E82F}.Release|x86.Build.0 = Release|Any CPU
	EndGlobalSection
	GlobalSection(SolutionProperties) = preSolution
		HideSolutionNode = FALSE
	EndGlobalSection
	GlobalSection(NestedProjects) = preSolution
		{F589B7AD-E97B-4F35-B676-C420E33A61DC} = {827E0CD3-B72D-47B6-A68D-7590B98EB39B}
		{CA92082A-AC16-49A7-8F65-DBC8E9C6B750} = {827E0CD3-B72D-47B6-A68D-7590B98EB39B}
		{EFE9C7A3-24CB-4990-96BC-15CE3530BB64} = {827E0CD3-B72D-47B6-A68D-7590B98EB39B}
		{EDD6B989-3484-4275-8B75-6EF5BE03A966} = {827E0CD3-B72D-47B6-A68D-7590B98EB39B}
		{A3769E0A-FD1D-48E4-8200-60152D96D162} = {0AB3BF05-4346-4AA6-1389-037BE0695223}
		{BA85CEC9-BC9D-44AD-B358-5DFB5951E82F} = {07C2787E-EAC7-C090-1BA3-A61EC2A24D84}
	EndGlobalSection
EndGlobal
